// !$*UTF8*$!
{
	archiveVersion = 1;
	classes = {
	};
	objectVersion = 46;
	objects = {

/* Begin PBXBuildFile section */
		252474141CFDEAA9004AFD6E /* TableViewModel.m in Sources */ = {isa = PBXBuildFile; fileRef = 252474121CFDDCAF004AFD6E /* TableViewModel.m */; };
		259A21F21CE2CDEB00288C7A /* main.m in Sources */ = {isa = PBXBuildFile; fileRef = 259A21F11CE2CDEB00288C7A /* main.m */; };
		259A21F51CE2CDEB00288C7A /* AppDelegate.m in Sources */ = {isa = PBXBuildFile; fileRef = 259A21F41CE2CDEB00288C7A /* AppDelegate.m */; };
		259A21F81CE2CDEB00288C7A /* ViewController.m in Sources */ = {isa = PBXBuildFile; fileRef = 259A21F71CE2CDEB00288C7A /* ViewController.m */; };
		259A21FB1CE2CDEB00288C7A /* Main.storyboard in Resources */ = {isa = PBXBuildFile; fileRef = 259A21F91CE2CDEB00288C7A /* Main.storyboard */; };
		259A21FD1CE2CDEB00288C7A /* Assets.xcassets in Resources */ = {isa = PBXBuildFile; fileRef = 259A21FC1CE2CDEB00288C7A /* Assets.xcassets */; };
		259A22001CE2CDEB00288C7A /* LaunchScreen.storyboard in Resources */ = {isa = PBXBuildFile; fileRef = 259A21FE1CE2CDEB00288C7A /* LaunchScreen.storyboard */; };
		25F97A211CEAF49F00142F56 /* Pods_RACTest.framework in Frameworks */ = {isa = PBXBuildFile; fileRef = 04CC62E53153CC48F0007EA3 /* Pods_RACTest.framework */; };
		25F97A241CEAF49F00142F56 /* Assets.xcassets in Resources */ = {isa = PBXBuildFile; fileRef = 259A21FC1CE2CDEB00288C7A /* Assets.xcassets */; };
		25F97A251CEAF49F00142F56 /* Main.storyboard in Resources */ = {isa = PBXBuildFile; fileRef = 259A21F91CE2CDEB00288C7A /* Main.storyboard */; };
		25F97A2D1CEAF59200142F56 /* LaunchScreen.storyboard in Resources */ = {isa = PBXBuildFile; fileRef = 259A21FE1CE2CDEB00288C7A /* LaunchScreen.storyboard */; };
		25F97A331CEAFA9600142F56 /* AppDelegate_Login.m in Sources */ = {isa = PBXBuildFile; fileRef = 25F97A321CEAFA9600142F56 /* AppDelegate_Login.m */; };
		25F97A381CEAFC4600142F56 /* main_Login.m in Sources */ = {isa = PBXBuildFile; fileRef = 25F97A371CEAFC4600142F56 /* main_Login.m */; };
		25F97A3E1CEAFF7000142F56 /* LoginViewController.m in Sources */ = {isa = PBXBuildFile; fileRef = 25F97A3C1CEAFF7000142F56 /* LoginViewController.m */; };
		25F97A3F1CEAFF7000142F56 /* LoginViewController.xib in Resources */ = {isa = PBXBuildFile; fileRef = 25F97A3D1CEAFF7000142F56 /* LoginViewController.xib */; };
		25F97A431CEB1FB000142F56 /* TableViewController.m in Sources */ = {isa = PBXBuildFile; fileRef = 25F97A421CEB1FB000142F56 /* TableViewController.m */; };
		43D7D4FF6E899D6922E6151B /* Pods_RACTest.framework in Frameworks */ = {isa = PBXBuildFile; fileRef = 04CC62E53153CC48F0007EA3 /* Pods_RACTest.framework */; };
/* End PBXBuildFile section */

/* Begin PBXFileReference section */
		04CC62E53153CC48F0007EA3 /* Pods_RACTest.framework */ = {isa = PBXFileReference; explicitFileType = wrapper.framework; includeInIndex = 0; path = Pods_RACTest.framework; sourceTree = BUILT_PRODUCTS_DIR; };
		252474111CFDDCAF004AFD6E /* TableViewModel.h */ = {isa = PBXFileReference; fileEncoding = 4; lastKnownFileType = sourcecode.c.h; name = TableViewModel.h; path = LoginTest/TableViewModel.h; sourceTree = "<group>"; };
		252474121CFDDCAF004AFD6E /* TableViewModel.m */ = {isa = PBXFileReference; fileEncoding = 4; lastKnownFileType = sourcecode.c.objc; name = TableViewModel.m; path = LoginTest/TableViewModel.m; sourceTree = "<group>"; };
		259A21ED1CE2CDEB00288C7A /* RACTest.app */ = {isa = PBXFileReference; explicitFileType = wrapper.application; includeInIndex = 0; path = RACTest.app; sourceTree = BUILT_PRODUCTS_DIR; };
		259A21F11CE2CDEB00288C7A /* main.m */ = {isa = PBXFileReference; lastKnownFileType = sourcecode.c.objc; path = main.m; sourceTree = "<group>"; };
		259A21F31CE2CDEB00288C7A /* AppDelegate.h */ = {isa = PBXFileReference; lastKnownFileType = sourcecode.c.h; path = AppDelegate.h; sourceTree = "<group>"; };
		259A21F41CE2CDEB00288C7A /* AppDelegate.m */ = {isa = PBXFileReference; lastKnownFileType = sourcecode.c.objc; path = AppDelegate.m; sourceTree = "<group>"; };
		259A21F61CE2CDEB00288C7A /* ViewController.h */ = {isa = PBXFileReference; lastKnownFileType = sourcecode.c.h; path = ViewController.h; sourceTree = "<group>"; };
		259A21F71CE2CDEB00288C7A /* ViewController.m */ = {isa = PBXFileReference; lastKnownFileType = sourcecode.c.objc; path = ViewController.m; sourceTree = "<group>"; };
		259A21FA1CE2CDEB00288C7A /* Base */ = {isa = PBXFileReference; lastKnownFileType = file.storyboard; name = Base; path = Base.lproj/Main.storyboard; sourceTree = "<group>"; };
		259A21FC1CE2CDEB00288C7A /* Assets.xcassets */ = {isa = PBXFileReference; lastKnownFileType = folder.assetcatalog; path = Assets.xcassets; sourceTree = "<group>"; };
		259A21FF1CE2CDEB00288C7A /* Base */ = {isa = PBXFileReference; lastKnownFileType = file.storyboard; name = Base; path = Base.lproj/LaunchScreen.storyboard; sourceTree = "<group>"; };
		259A22011CE2CDEB00288C7A /* Info.plist */ = {isa = PBXFileReference; lastKnownFileType = text.plist.xml; path = Info.plist; sourceTree = "<group>"; };
		259A22071CE2D2D500288C7A /* RACTest.pch */ = {isa = PBXFileReference; fileEncoding = 4; lastKnownFileType = sourcecode.c.h; path = RACTest.pch; sourceTree = "<group>"; };
		25F97A2B1CEAF49F00142F56 /* RACTest_Login.app */ = {isa = PBXFileReference; explicitFileType = wrapper.application; includeInIndex = 0; path = RACTest_Login.app; sourceTree = BUILT_PRODUCTS_DIR; };
		25F97A2C1CEAF49F00142F56 /* RACTest copy-Info.plist */ = {isa = PBXFileReference; lastKnownFileType = text.plist.xml; name = "RACTest copy-Info.plist"; path = "/Users/madis/Documents/RACTest/RACTest copy-Info.plist"; sourceTree = "<absolute>"; };
		25F97A311CEAFA9600142F56 /* AppDelegate_Login.h */ = {isa = PBXFileReference; fileEncoding = 4; lastKnownFileType = sourcecode.c.h; name = AppDelegate_Login.h; path = LoginTest/AppDelegate_Login.h; sourceTree = "<group>"; };
		25F97A321CEAFA9600142F56 /* AppDelegate_Login.m */ = {isa = PBXFileReference; fileEncoding = 4; lastKnownFileType = sourcecode.c.objc; name = AppDelegate_Login.m; path = LoginTest/AppDelegate_Login.m; sourceTree = "<group>"; };
		25F97A371CEAFC4600142F56 /* main_Login.m */ = {isa = PBXFileReference; fileEncoding = 4; lastKnownFileType = sourcecode.c.objc; name = main_Login.m; path = LoginTest/main_Login.m; sourceTree = "<group>"; };
		25F97A391CEAFEA900142F56 /* RACTest_login.pch */ = {isa = PBXFileReference; fileEncoding = 4; lastKnownFileType = sourcecode.c.h; name = RACTest_login.pch; path = LoginTest/RACTest_login.pch; sourceTree = "<group>"; };
		25F97A3B1CEAFF7000142F56 /* LoginViewController.h */ = {isa = PBXFileReference; fileEncoding = 4; lastKnownFileType = sourcecode.c.h; name = LoginViewController.h; path = LoginTest/LoginViewController.h; sourceTree = "<group>"; };
		25F97A3C1CEAFF7000142F56 /* LoginViewController.m */ = {isa = PBXFileReference; fileEncoding = 4; lastKnownFileType = sourcecode.c.objc; name = LoginViewController.m; path = LoginTest/LoginViewController.m; sourceTree = "<group>"; };
		25F97A3D1CEAFF7000142F56 /* LoginViewController.xib */ = {isa = PBXFileReference; fileEncoding = 4; lastKnownFileType = file.xib; name = LoginViewController.xib; path = LoginTest/LoginViewController.xib; sourceTree = "<group>"; };
		25F97A411CEB1FB000142F56 /* TableViewController.h */ = {isa = PBXFileReference; fileEncoding = 4; lastKnownFileType = sourcecode.c.h; name = TableViewController.h; path = LoginTest/TableViewController.h; sourceTree = "<group>"; };
		25F97A421CEB1FB000142F56 /* TableViewController.m */ = {isa = PBXFileReference; fileEncoding = 4; lastKnownFileType = sourcecode.c.objc; name = TableViewController.m; path = LoginTest/TableViewController.m; sourceTree = "<group>"; };
		AA1DC151AA33C01051FDC0F2 /* Pods-RACTest.release.xcconfig */ = {isa = PBXFileReference; includeInIndex = 1; lastKnownFileType = text.xcconfig; name = "Pods-RACTest.release.xcconfig"; path = "Pods/Target Support Files/Pods-RACTest/Pods-RACTest.release.xcconfig"; sourceTree = "<group>"; };
		E442DAE2A3C65726D7F4D73C /* Pods-RACTest.debug.xcconfig */ = {isa = PBXFileReference; includeInIndex = 1; lastKnownFileType = text.xcconfig; name = "Pods-RACTest.debug.xcconfig"; path = "Pods/Target Support Files/Pods-RACTest/Pods-RACTest.debug.xcconfig"; sourceTree = "<group>"; };
/* End PBXFileReference section */

/* Begin PBXFrameworksBuildPhase section */
		259A21EA1CE2CDEB00288C7A /* Frameworks */ = {
			isa = PBXFrameworksBuildPhase;
			buildActionMask = 2147483647;
			files = (
				43D7D4FF6E899D6922E6151B /* Pods_RACTest.framework in Frameworks */,
			);
			runOnlyForDeploymentPostprocessing = 0;
		};
		25F97A201CEAF49F00142F56 /* Frameworks */ = {
			isa = PBXFrameworksBuildPhase;
			buildActionMask = 2147483647;
			files = (
				25F97A211CEAF49F00142F56 /* Pods_RACTest.framework in Frameworks */,
			);
			runOnlyForDeploymentPostprocessing = 0;
		};
/* End PBXFrameworksBuildPhase section */

/* Begin PBXGroup section */
		259A21E41CE2CDEB00288C7A = {
			isa = PBXGroup;
			children = (
				259A21EF1CE2CDEB00288C7A /* RACTest */,
				259A21EE1CE2CDEB00288C7A /* Products */,
				B7941D391543BFA5F2218E2A /* Pods */,
				87467390E94C6D765078034C /* Frameworks */,
				25F97A2C1CEAF49F00142F56 /* RACTest copy-Info.plist */,
			);
			sourceTree = "<group>";
		};
		259A21EE1CE2CDEB00288C7A /* Products */ = {
			isa = PBXGroup;
			children = (
				259A21ED1CE2CDEB00288C7A /* RACTest.app */,
				25F97A2B1CEAF49F00142F56 /* RACTest_Login.app */,
			);
			name = Products;
			sourceTree = "<group>";
		};
		259A21EF1CE2CDEB00288C7A /* RACTest */ = {
			isa = PBXGroup;
			children = (
				259A21F31CE2CDEB00288C7A /* AppDelegate.h */,
				259A21F41CE2CDEB00288C7A /* AppDelegate.m */,
				259A21F61CE2CDEB00288C7A /* ViewController.h */,
				259A21F71CE2CDEB00288C7A /* ViewController.m */,
				25F97A3A1CEAFF3000142F56 /* LoginTest */,
				259A21F91CE2CDEB00288C7A /* Main.storyboard */,
				259A21FC1CE2CDEB00288C7A /* Assets.xcassets */,
				259A21FE1CE2CDEB00288C7A /* LaunchScreen.storyboard */,
				259A22011CE2CDEB00288C7A /* Info.plist */,
				259A21F01CE2CDEB00288C7A /* Supporting Files */,
			);
			path = RACTest;
			sourceTree = "<group>";
		};
		259A21F01CE2CDEB00288C7A /* Supporting Files */ = {
			isa = PBXGroup;
			children = (
				259A21F11CE2CDEB00288C7A /* main.m */,
				259A22071CE2D2D500288C7A /* RACTest.pch */,
				25F97A371CEAFC4600142F56 /* main_Login.m */,
				25F97A391CEAFEA900142F56 /* RACTest_login.pch */,
			);
			name = "Supporting Files";
			sourceTree = "<group>";
		};
		25F97A3A1CEAFF3000142F56 /* LoginTest */ = {
			isa = PBXGroup;
			children = (
				25F97A311CEAFA9600142F56 /* AppDelegate_Login.h */,
				25F97A321CEAFA9600142F56 /* AppDelegate_Login.m */,
				25F97A3B1CEAFF7000142F56 /* LoginViewController.h */,
				25F97A3C1CEAFF7000142F56 /* LoginViewController.m */,
				25F97A3D1CEAFF7000142F56 /* LoginViewController.xib */,
				25F97A411CEB1FB000142F56 /* TableViewController.h */,
				25F97A421CEB1FB000142F56 /* TableViewController.m */,
				252474111CFDDCAF004AFD6E /* TableViewModel.h */,
				252474121CFDDCAF004AFD6E /* TableViewModel.m */,
			);
			name = LoginTest;
			sourceTree = "<group>";
		};
		87467390E94C6D765078034C /* Frameworks */ = {
			isa = PBXGroup;
			children = (
				04CC62E53153CC48F0007EA3 /* Pods_RACTest.framework */,
			);
			name = Frameworks;
			sourceTree = "<group>";
		};
		B7941D391543BFA5F2218E2A /* Pods */ = {
			isa = PBXGroup;
			children = (
				E442DAE2A3C65726D7F4D73C /* Pods-RACTest.debug.xcconfig */,
				AA1DC151AA33C01051FDC0F2 /* Pods-RACTest.release.xcconfig */,
			);
			name = Pods;
			sourceTree = "<group>";
		};
/* End PBXGroup section */

/* Begin PBXNativeTarget section */
		259A21EC1CE2CDEB00288C7A /* RACTest */ = {
			isa = PBXNativeTarget;
			buildConfigurationList = 259A22041CE2CDEB00288C7A /* Build configuration list for PBXNativeTarget "RACTest" */;
			buildPhases = (
				ABF884CE9C9F6155D20AA27C /* 📦 Check Pods Manifest.lock */,
				259A21E91CE2CDEB00288C7A /* Sources */,
				259A21EA1CE2CDEB00288C7A /* Frameworks */,
				259A21EB1CE2CDEB00288C7A /* Resources */,
				3DFA777070AF4CE83C968446 /* 📦 Embed Pods Frameworks */,
				90244A86A83296071340E893 /* 📦 Copy Pods Resources */,
			);
			buildRules = (
			);
			dependencies = (
			);
			name = RACTest;
			productName = RACTest;
			productReference = 259A21ED1CE2CDEB00288C7A /* RACTest.app */;
			productType = "com.apple.product-type.application";
		};
		25F97A191CEAF49F00142F56 /* RACTest_Login */ = {
			isa = PBXNativeTarget;
			buildConfigurationList = 25F97A281CEAF49F00142F56 /* Build configuration list for PBXNativeTarget "RACTest_Login" */;
			buildPhases = (
				25F97A1A1CEAF49F00142F56 /* 📦 Check Pods Manifest.lock */,
				25F97A1B1CEAF49F00142F56 /* Sources */,
				25F97A201CEAF49F00142F56 /* Frameworks */,
				25F97A221CEAF49F00142F56 /* Resources */,
				25F97A261CEAF49F00142F56 /* 📦 Embed Pods Frameworks */,
				25F97A271CEAF49F00142F56 /* 📦 Copy Pods Resources */,
			);
			buildRules = (
			);
			dependencies = (
			);
			name = RACTest_Login;
			productName = RACTest;
			productReference = 25F97A2B1CEAF49F00142F56 /* RACTest_Login.app */;
			productType = "com.apple.product-type.application";
		};
/* End PBXNativeTarget section */

/* Begin PBXProject section */
		259A21E51CE2CDEB00288C7A /* Project object */ = {
			isa = PBXProject;
			attributes = {
				LastUpgradeCheck = 0730;
				TargetAttributes = {
					259A21EC1CE2CDEB00288C7A = {
						CreatedOnToolsVersion = 7.3.1;
					};
				};
			};
			buildConfigurationList = 259A21E81CE2CDEB00288C7A /* Build configuration list for PBXProject "RACTest" */;
			compatibilityVersion = "Xcode 3.2";
			developmentRegion = English;
			hasScannedForEncodings = 0;
			knownRegions = (
				en,
				Base,
			);
			mainGroup = 259A21E41CE2CDEB00288C7A;
			productRefGroup = 259A21EE1CE2CDEB00288C7A /* Products */;
			projectDirPath = "";
			projectRoot = "";
			targets = (
				259A21EC1CE2CDEB00288C7A /* RACTest */,
				25F97A191CEAF49F00142F56 /* RACTest_Login */,
			);
		};
/* End PBXProject section */

/* Begin PBXResourcesBuildPhase section */
		259A21EB1CE2CDEB00288C7A /* Resources */ = {
			isa = PBXResourcesBuildPhase;
			buildActionMask = 2147483647;
			files = (
				259A22001CE2CDEB00288C7A /* LaunchScreen.storyboard in Resources */,
				259A21FD1CE2CDEB00288C7A /* Assets.xcassets in Resources */,
				259A21FB1CE2CDEB00288C7A /* Main.storyboard in Resources */,
			);
			runOnlyForDeploymentPostprocessing = 0;
		};
		25F97A221CEAF49F00142F56 /* Resources */ = {
			isa = PBXResourcesBuildPhase;
			buildActionMask = 2147483647;
			files = (
				25F97A3F1CEAFF7000142F56 /* LoginViewController.xib in Resources */,
				25F97A2D1CEAF59200142F56 /* LaunchScreen.storyboard in Resources */,
				25F97A241CEAF49F00142F56 /* Assets.xcassets in Resources */,
				25F97A251CEAF49F00142F56 /* Main.storyboard in Resources */,
			);
			runOnlyForDeploymentPostprocessing = 0;
		};
/* End PBXResourcesBuildPhase section */

/* Begin PBXShellScriptBuildPhase section */
		25F97A1A1CEAF49F00142F56 /* 📦 Check Pods Manifest.lock */ = {
			isa = PBXShellScriptBuildPhase;
			buildActionMask = 2147483647;
			files = (
			);
			inputPaths = (
			);
			name = "📦 Check Pods Manifest.lock";
			outputPaths = (
			);
			runOnlyForDeploymentPostprocessing = 0;
			shellPath = /bin/sh;
			shellScript = "diff \"${PODS_ROOT}/../Podfile.lock\" \"${PODS_ROOT}/Manifest.lock\" > /dev/null\nif [[ $? != 0 ]] ; then\n    cat << EOM\nerror: The sandbox is not in sync with the Podfile.lock. Run 'pod install' or update your CocoaPods installation.\nEOM\n    exit 1\nfi\n";
			showEnvVarsInLog = 0;
		};
		25F97A261CEAF49F00142F56 /* 📦 Embed Pods Frameworks */ = {
			isa = PBXShellScriptBuildPhase;
			buildActionMask = 2147483647;
			files = (
			);
			inputPaths = (
			);
			name = "📦 Embed Pods Frameworks";
			outputPaths = (
			);
			runOnlyForDeploymentPostprocessing = 0;
			shellPath = /bin/sh;
			shellScript = "\"${SRCROOT}/Pods/Target Support Files/Pods-RACTest/Pods-RACTest-frameworks.sh\"\n";
			showEnvVarsInLog = 0;
		};
		25F97A271CEAF49F00142F56 /* 📦 Copy Pods Resources */ = {
			isa = PBXShellScriptBuildPhase;
			buildActionMask = 2147483647;
			files = (
			);
			inputPaths = (
			);
			name = "📦 Copy Pods Resources";
			outputPaths = (
			);
			runOnlyForDeploymentPostprocessing = 0;
			shellPath = /bin/sh;
			shellScript = "\"${SRCROOT}/Pods/Target Support Files/Pods-RACTest/Pods-RACTest-resources.sh\"\n";
			showEnvVarsInLog = 0;
		};
		3DFA777070AF4CE83C968446 /* 📦 Embed Pods Frameworks */ = {
			isa = PBXShellScriptBuildPhase;
			buildActionMask = 2147483647;
			files = (
			);
			inputPaths = (
			);
			name = "📦 Embed Pods Frameworks";
			outputPaths = (
			);
			runOnlyForDeploymentPostprocessing = 0;
			shellPath = /bin/sh;
			shellScript = "\"${SRCROOT}/Pods/Target Support Files/Pods-RACTest/Pods-RACTest-frameworks.sh\"\n";
			showEnvVarsInLog = 0;
		};
		90244A86A83296071340E893 /* 📦 Copy Pods Resources */ = {
			isa = PBXShellScriptBuildPhase;
			buildActionMask = 2147483647;
			files = (
			);
			inputPaths = (
			);
			name = "📦 Copy Pods Resources";
			outputPaths = (
			);
			runOnlyForDeploymentPostprocessing = 0;
			shellPath = /bin/sh;
			shellScript = "\"${SRCROOT}/Pods/Target Support Files/Pods-RACTest/Pods-RACTest-resources.sh\"\n";
			showEnvVarsInLog = 0;
		};
		ABF884CE9C9F6155D20AA27C /* 📦 Check Pods Manifest.lock */ = {
			isa = PBXShellScriptBuildPhase;
			buildActionMask = 2147483647;
			files = (
			);
			inputPaths = (
			);
			name = "📦 Check Pods Manifest.lock";
			outputPaths = (
			);
			runOnlyForDeploymentPostprocessing = 0;
			shellPath = /bin/sh;
			shellScript = "diff \"${PODS_ROOT}/../Podfile.lock\" \"${PODS_ROOT}/Manifest.lock\" > /dev/null\nif [[ $? != 0 ]] ; then\n    cat << EOM\nerror: The sandbox is not in sync with the Podfile.lock. Run 'pod install' or update your CocoaPods installation.\nEOM\n    exit 1\nfi\n";
			showEnvVarsInLog = 0;
		};
/* End PBXShellScriptBuildPhase section */

/* Begin PBXSourcesBuildPhase section */
		259A21E91CE2CDEB00288C7A /* Sources */ = {
			isa = PBXSourcesBuildPhase;
			buildActionMask = 2147483647;
			files = (
				259A21F81CE2CDEB00288C7A /* ViewController.m in Sources */,
				259A21F51CE2CDEB00288C7A /* AppDelegate.m in Sources */,
				259A21F21CE2CDEB00288C7A /* main.m in Sources */,
			);
			runOnlyForDeploymentPostprocessing = 0;
		};
		25F97A1B1CEAF49F00142F56 /* Sources */ = {
			isa = PBXSourcesBuildPhase;
			buildActionMask = 2147483647;
			files = (
				25F97A381CEAFC4600142F56 /* main_Login.m in Sources */,
				25F97A331CEAFA9600142F56 /* AppDelegate_Login.m in Sources */,
				252474141CFDEAA9004AFD6E /* TableViewModel.m in Sources */,
				25F97A3E1CEAFF7000142F56 /* LoginViewController.m in Sources */,
				25F97A431CEB1FB000142F56 /* TableViewController.m in Sources */,
			);
			runOnlyForDeploymentPostprocessing = 0;
		};
/* End PBXSourcesBuildPhase section */

/* Begin PBXVariantGroup section */
		259A21F91CE2CDEB00288C7A /* Main.storyboard */ = {
			isa = PBXVariantGroup;
			children = (
				259A21FA1CE2CDEB00288C7A /* Base */,
			);
			name = Main.storyboard;
			sourceTree = "<group>";
		};
		259A21FE1CE2CDEB00288C7A /* LaunchScreen.storyboard */ = {
			isa = PBXVariantGroup;
			children = (
				259A21FF1CE2CDEB00288C7A /* Base */,
			);
			name = LaunchScreen.storyboard;
			sourceTree = "<group>";
		};
/* End PBXVariantGroup section */

/* Begin XCBuildConfiguration section */
		259A22021CE2CDEB00288C7A /* Debug */ = {
			isa = XCBuildConfiguration;
			buildSettings = {
				ALWAYS_SEARCH_USER_PATHS = NO;
				CLANG_ANALYZER_NONNULL = YES;
				CLANG_CXX_LANGUAGE_STANDARD = "gnu++0x";
				CLANG_CXX_LIBRARY = "libc++";
				CLANG_ENABLE_MODULES = YES;
				CLANG_ENABLE_OBJC_ARC = YES;
				CLANG_WARN_BOOL_CONVERSION = YES;
				CLANG_WARN_CONSTANT_CONVERSION = YES;
				CLANG_WARN_DIRECT_OBJC_ISA_USAGE = YES_ERROR;
				CLANG_WARN_EMPTY_BODY = YES;
				CLANG_WARN_ENUM_CONVERSION = YES;
				CLANG_WARN_INT_CONVERSION = YES;
				CLANG_WARN_OBJC_ROOT_CLASS = YES_ERROR;
				CLANG_WARN_UNREACHABLE_CODE = YES;
				CLANG_WARN__DUPLICATE_METHOD_MATCH = YES;
				"CODE_SIGN_IDENTITY[sdk=iphoneos*]" = "iPhone Developer";
				COPY_PHASE_STRIP = NO;
				DEBUG_INFORMATION_FORMAT = dwarf;
				ENABLE_STRICT_OBJC_MSGSEND = YES;
				ENABLE_TESTABILITY = YES;
				GCC_C_LANGUAGE_STANDARD = gnu99;
				GCC_DYNAMIC_NO_PIC = NO;
				GCC_NO_COMMON_BLOCKS = YES;
				GCC_OPTIMIZATION_LEVEL = 0;
				GCC_PREPROCESSOR_DEFINITIONS = (
					"DEBUG=1",
					"$(inherited)",
				);
				GCC_WARN_64_TO_32_BIT_CONVERSION = YES;
				GCC_WARN_ABOUT_RETURN_TYPE = YES_ERROR;
				GCC_WARN_UNDECLARED_SELECTOR = YES;
				GCC_WARN_UNINITIALIZED_AUTOS = YES_AGGRESSIVE;
				GCC_WARN_UNUSED_FUNCTION = YES;
				GCC_WARN_UNUSED_VARIABLE = YES;
				IPHONEOS_DEPLOYMENT_TARGET = 9.3;
				MTL_ENABLE_DEBUG_INFO = YES;
				ONLY_ACTIVE_ARCH = YES;
				SDKROOT = iphoneos;
			};
			name = Debug;
		};
		259A22031CE2CDEB00288C7A /* Release */ = {
			isa = XCBuildConfiguration;
			buildSettings = {
				ALWAYS_SEARCH_USER_PATHS = NO;
				CLANG_ANALYZER_NONNULL = YES;
				CLANG_CXX_LANGUAGE_STANDARD = "gnu++0x";
				CLANG_CXX_LIBRARY = "libc++";
				CLANG_ENABLE_MODULES = YES;
				CLANG_ENABLE_OBJC_ARC = YES;
				CLANG_WARN_BOOL_CONVERSION = YES;
				CLANG_WARN_CONSTANT_CONVERSION = YES;
				CLANG_WARN_DIRECT_OBJC_ISA_USAGE = YES_ERROR;
				CLANG_WARN_EMPTY_BODY = YES;
				CLANG_WARN_ENUM_CONVERSION = YES;
				CLANG_WARN_INT_CONVERSION = YES;
				CLANG_WARN_OBJC_ROOT_CLASS = YES_ERROR;
				CLANG_WARN_UNREACHABLE_CODE = YES;
				CLANG_WARN__DUPLICATE_METHOD_MATCH = YES;
				"CODE_SIGN_IDENTITY[sdk=iphoneos*]" = "iPhone Developer";
				COPY_PHASE_STRIP = NO;
				DEBUG_INFORMATION_FORMAT = "dwarf-with-dsym";
				ENABLE_NS_ASSERTIONS = NO;
				ENABLE_STRICT_OBJC_MSGSEND = YES;
				GCC_C_LANGUAGE_STANDARD = gnu99;
				GCC_NO_COMMON_BLOCKS = YES;
				GCC_WARN_64_TO_32_BIT_CONVERSION = YES;
				GCC_WARN_ABOUT_RETURN_TYPE = YES_ERROR;
				GCC_WARN_UNDECLARED_SELECTOR = YES;
				GCC_WARN_UNINITIALIZED_AUTOS = YES_AGGRESSIVE;
				GCC_WARN_UNUSED_FUNCTION = YES;
				GCC_WARN_UNUSED_VARIABLE = YES;
				IPHONEOS_DEPLOYMENT_TARGET = 9.3;
				MTL_ENABLE_DEBUG_INFO = NO;
				SDKROOT = iphoneos;
				VALIDATE_PRODUCT = YES;
			};
			name = Release;
		};
		259A22051CE2CDEB00288C7A /* Debug */ = {
			isa = XCBuildConfiguration;
			baseConfigurationReference = E442DAE2A3C65726D7F4D73C /* Pods-RACTest.debug.xcconfig */;
			buildSettings = {
				ASSETCATALOG_COMPILER_APPICON_NAME = AppIcon;
				GCC_INCREASE_PRECOMPILED_HEADER_SHARING = YES;
				GCC_PRECOMPILE_PREFIX_HEADER = YES;
				GCC_PREFIX_HEADER = "$(SRCROOT)/RACTest/RACTest.pch";
				INFOPLIST_FILE = RACTest/Info.plist;
				IPHONEOS_DEPLOYMENT_TARGET = 8.0;
				LD_RUNPATH_SEARCH_PATHS = "$(inherited) @executable_path/Frameworks";
				PRODUCT_BUNDLE_IDENTIFIER = qxl.RACTest;
				PRODUCT_NAME = "$(TARGET_NAME)";
			};
			name = Debug;
		};
		259A22061CE2CDEB00288C7A /* Release */ = {
			isa = XCBuildConfiguration;
			baseConfigurationReference = AA1DC151AA33C01051FDC0F2 /* Pods-RACTest.release.xcconfig */;
			buildSettings = {
				ASSETCATALOG_COMPILER_APPICON_NAME = AppIcon;
				GCC_INCREASE_PRECOMPILED_HEADER_SHARING = YES;
				GCC_PRECOMPILE_PREFIX_HEADER = YES;
				GCC_PREFIX_HEADER = "$(SRCROOT)/RACTest/RACTest.pch";
				INFOPLIST_FILE = RACTest/Info.plist;
				IPHONEOS_DEPLOYMENT_TARGET = 8.0;
				LD_RUNPATH_SEARCH_PATHS = "$(inherited) @executable_path/Frameworks";
				PRODUCT_BUNDLE_IDENTIFIER = qxl.RACTest;
				PRODUCT_NAME = "$(TARGET_NAME)";
			};
			name = Release;
		};
		25F97A291CEAF49F00142F56 /* Debug */ = {
			isa = XCBuildConfiguration;
			baseConfigurationReference = E442DAE2A3C65726D7F4D73C /* Pods-RACTest.debug.xcconfig */;
			buildSettings = {
				ASSETCATALOG_COMPILER_APPICON_NAME = AppIcon;
				GCC_INCREASE_PRECOMPILED_HEADER_SHARING = YES;
				GCC_PRECOMPILE_PREFIX_HEADER = YES;
				GCC_PREFIX_HEADER = "$(SRCROOT)/RACTest/LoginTest/RACTest_login.pch";
				INFOPLIST_FILE = "RACTest copy-Info.plist";
				IPHONEOS_DEPLOYMENT_TARGET = 8.0;
				LD_RUNPATH_SEARCH_PATHS = "$(inherited) @executable_path/Frameworks";
				PRODUCT_BUNDLE_IDENTIFIER = qxl.RACTest;
				PRODUCT_NAME = "$(TARGET_NAME)";
			};
			name = Debug;
		};
		25F97A2A1CEAF49F00142F56 /* Release */ = {
			isa = XCBuildConfiguration;
			baseConfigurationReference = AA1DC151AA33C01051FDC0F2 /* Pods-RACTest.release.xcconfig */;
			buildSettings = {
				ASSETCATALOG_COMPILER_APPICON_NAME = AppIcon;
				GCC_INCREASE_PRECOMPILED_HEADER_SHARING = YES;
				GCC_PRECOMPILE_PREFIX_HEADER = YES;
				GCC_PREFIX_HEADER = "$(SRCROOT)/RACTest/LoginTest/RACTest_login.pch";
				INFOPLIST_FILE = "RACTest copy-Info.plist";
				IPHONEOS_DEPLOYMENT_TARGET = 8.0;
				LD_RUNPATH_SEARCH_PATHS = "$(inherited) @executable_path/Frameworks";
				PRODUCT_BUNDLE_IDENTIFIER = qxl.RACTest;
				PRODUCT_NAME = "$(TARGET_NAME)";
			};
			name = Release;
		};
/* End XCBuildConfiguration section */

/* Begin XCConfigurationList section */
		259A21E81CE2CDEB00288C7A /* Build configuration list for PBXProject "RACTest" */ = {
			isa = XCConfigurationList;
			buildConfigurations = (
				259A22021CE2CDEB00288C7A /* Debug */,
				259A22031CE2CDEB00288C7A /* Release */,
			);
			defaultConfigurationIsVisible = 0;
			defaultConfigurationName = Release;
		};
		259A22041CE2CDEB00288C7A /* Build configuration list for PBXNativeTarget "RACTest" */ = {
			isa = XCConfigurationList;
			buildConfigurations = (
				259A22051CE2CDEB00288C7A /* Debug */,
				259A22061CE2CDEB00288C7A /* Release */,
			);
			defaultConfigurationIsVisible = 0;
			defaultConfigurationName = Release;
		};
		25F97A281CEAF49F00142F56 /* Build configuration list for PBXNativeTarget "RACTest_Login" */ = {
			isa = XCConfigurationList;
			buildConfigurations = (
				25F97A291CEAF49F00142F56 /* Debug */,
				25F97A2A1CEAF49F00142F56 /* Release */,
			);
			defaultConfigurationIsVisible = 0;
			defaultConfigurationName = Release;
		};
/* End XCConfigurationList section */
	};
	rootObject = 259A21E51CE2CDEB00288C7A /* Project object */;
}
